<Solution>
  <Folder Name="/building-blocks/" />
  <Folder Name="/building-blocks/contracts-csharp/">
    <Project Path="building-blocks/contracts-csharp/Ecommerce.Contracts.csproj" />
  </Folder>
  <Folder Name="/services/" />
  <Folder Name="/services/api-gateway/" />
  <Folder Name="/services/api-gateway/src/" />
  <Folder Name="/services/api-gateway/src/Api/">
    <Project Path="services/api-gateway/src/Api/Ecommerce.ApiGateway.Api.csproj" />
  </Folder>
  <Folder Name="/services/order-service/" />
  <Folder Name="/services/order-service/src/" />
  <Folder Name="/services/order-service/src/Api/">
    <Project Path="services/order-service/src/Api/Ecommerce.OrderService.Api.csproj" />
  </Folder>
</Solution>
