<Solution>
  <Folder Name="/building-blocks/" />
  <Folder Name="/building-blocks/contracts-csharp/">
    <Project Path="building-blocks/contracts-csharp/Ecommerce.Contracts.csproj" />
  </Folder>
  <Folder Name="/services/" />
  <Folder Name="/services/api-gateway/" />
  <Folder Name="/services/api-gateway/src/">
    <Project Path="services/api-gateway/src/Ecommerce.ApiGateway.csproj" />
  </Folder>
  <Folder Name="/services/order-service/" />
  <Folder Name="/services/order-service/src/" />
  <Folder Name="/services/order-service/src/Api/">
    <Project Path="services/order-service/src/Api/Ecommerce.OrderService.Api.csproj" />
  </Folder>
  <Folder Name="/services/order-service/src/Application/">
    <Project Path="services/order-service/src/Application/Ecommerce.OrderService.Application.csproj" />
  </Folder>
  <Folder Name="/services/order-service/src/Domain/">
    <Project Path="services/order-service/src/Domain/Ecommerce.OrderService.Domain.csproj" />
  </Folder>
  <Folder Name="/services/order-service/src/Infrastructure/">
    <Project Path="services/order-service/src/Infrastructure/Ecommerce.OrderService.Infrastructure.csproj" />
  </Folder>
  <Folder Name="/services/order-service/tests/" />
  <Folder Name="/services/order-service/tests/Api.IntegrationTests/">
    <Project Path="services/order-service/tests/Api.IntegrationTests/Ecommerce.OrderService.Api.IntegrationTests.csproj" />
  </Folder>
  <Folder Name="/services/order-service/tests/Domain.UnitTests/">
    <Project Path="services/order-service/tests/Domain.UnitTests/Ecommerce.OrderService.Domain.UnitTests.csproj" />
  </Folder>
  <Folder Name="/tests/" />
  <Folder Name="/tests/arch/" />
  <Folder Name="/tests/arch/dotnet/">
    <Project Path="tests/arch/dotnet/Ecommerce.ArchitectureTests.csproj" />
  </Folder>
</Solution>
